
Microsoft Visual Studio Solution File, Format Version 12.00
# Visual Studio Version 17
VisualStudioVersion = 17.3.32825.248
MinimumVisualStudioVersion = 10.0.40219.1
Project("{FAE04EC0-301F-11D3-BF4B-00C04F79EFBC}") = "databasemvc", "databasemvc\databasemvc.csproj", "{F26B618D-77AF-431F-95E8-08AF630F5BDD}"
EndProject
Global
	GlobalSection(SolutionConfigurationPlatforms) = preSolution
		Debug|Any CPU = Debug|Any CPU
		Release|Any CPU = Release|Any CPU
	EndGlobalSection
	GlobalSection(ProjectConfigurationPlatforms) = postSolution
		{F26B618D-77AF-431F-95E8-08AF630F5BDD}.Debug|Any CPU.ActiveCfg = Debug|Any CPU
		{F26B618D-77AF-431F-95E8-08AF630F5BDD}.Debug|Any CPU.Build.0 = Debug|Any CPU
		{F26B618D-77AF-431F-95E8-08AF630F5BDD}.Release|Any CPU.ActiveCfg = Release|Any CPU
		{F26B618D-77AF-431F-95E8-08AF630F5BDD}.Release|Any CPU.Build.0 = Release|Any CPU
	EndGlobalSection
	GlobalSection(SolutionProperties) = preSolution
		HideSolutionNode = FALSE
	EndGlobalSection
	GlobalSection(ExtensibilityGlobals) = postSolution
		SolutionGuid = {72268E85-41D9-44F8-8760-31824461BB78}
	EndGlobalSection
EndGlobal
